
Microsoft Visual Studio Solution File, Format Version 12.00
# Visual Studio Version 16
VisualStudioVersion = 16.0.30907.101
MinimumVisualStudioVersion = 10.0.40219.1
Project("{FAE04EC0-301F-11D3-BF4B-00C04F79EFBC}") = "YYYYMMDD", "YYYYMMDD\YYYYMMDD.csproj", "{8344E09C-FBC6-4A48-BB72-76450D6AEAC6}"
EndProject
Project("{FAE04EC0-301F-11D3-BF4B-00C04F79EFBC}") = "DateParserTest", "DateParserTest\DateParserTest.csproj", "{861870EC-BE7F-451A-832C-E72A0A92CFE3}"
EndProject
Global
	GlobalSection(SolutionConfigurationPlatforms) = preSolution
		Debug|Any CPU = Debug|Any CPU
		Release|Any CPU = Release|Any CPU
	EndGlobalSection
	GlobalSection(ProjectConfigurationPlatforms) = postSolution
		{8344E09C-FBC6-4A48-BB72-76450D6AEAC6}.Debug|Any CPU.ActiveCfg = Debug|Any CPU
		{8344E09C-FBC6-4A48-BB72-76450D6AEAC6}.Debug|Any CPU.Build.0 = Debug|Any CPU
		{8344E09C-FBC6-4A48-BB72-76450D6AEAC6}.Release|Any CPU.ActiveCfg = Release|Any CPU
		{8344E09C-FBC6-4A48-BB72-76450D6AEAC6}.Release|Any CPU.Build.0 = Release|Any CPU
		{861870EC-BE7F-451A-832C-E72A0A92CFE3}.Debug|Any CPU.ActiveCfg = Debug|Any CPU
		{861870EC-BE7F-451A-832C-E72A0A92CFE3}.Debug|Any CPU.Build.0 = Debug|Any CPU
		{861870EC-BE7F-451A-832C-E72A0A92CFE3}.Release|Any CPU.ActiveCfg = Release|Any CPU
		{861870EC-BE7F-451A-832C-E72A0A92CFE3}.Release|Any CPU.Build.0 = Release|Any CPU
	EndGlobalSection
	GlobalSection(SolutionProperties) = preSolution
		HideSolutionNode = FALSE
	EndGlobalSection
	GlobalSection(ExtensibilityGlobals) = postSolution
		SolutionGuid = {D1DAB7A5-78E8-4FC5-8575-F440C4972849}
	EndGlobalSection
EndGlobal
